
Microsoft Visual Studio Solution File, Format Version 12.00
# Visual Studio Version 17
VisualStudioVersion = 17.3.32922.545
MinimumVisualStudioVersion = 10.0.40219.1
Project("{9A19103F-16F7-4668-BE54-9A1E7A4F7556}") = "Blacksmith", "Blacksmith\Blacksmith.csproj", "{FBB7349D-98A4-4876-8402-42577E08101E}"
EndProject
Project("{FAE04EC0-301F-11D3-BF4B-00C04F79EFBC}") = "Armory", "Armory\Armory.csproj", "{0E40324B-E710-4595-B1CF-B34F188FCF6B}"
EndProject
Project("{FAE04EC0-301F-11D3-BF4B-00C04F79EFBC}") = "Drones", "Drones\Drones.csproj", "{6681BDEA-7CEC-48CC-BB2B-632BFFAD8449}"
EndProject
Global
	GlobalSection(SolutionConfigurationPlatforms) = preSolution
		Debug|Any CPU = Debug|Any CPU
		Release|Any CPU = Release|Any CPU
	EndGlobalSection
	GlobalSection(ProjectConfigurationPlatforms) = postSolution
		{FBB7349D-98A4-4876-8402-42577E08101E}.Debug|Any CPU.ActiveCfg = Debug|Any CPU
		{FBB7349D-98A4-4876-8402-42577E08101E}.Debug|Any CPU.Build.0 = Debug|Any CPU
		{FBB7349D-98A4-4876-8402-42577E08101E}.Release|Any CPU.ActiveCfg = Release|Any CPU
		{FBB7349D-98A4-4876-8402-42577E08101E}.Release|Any CPU.Build.0 = Release|Any CPU
		{0E40324B-E710-4595-B1CF-B34F188FCF6B}.Debug|Any CPU.ActiveCfg = Debug|Any CPU
		{0E40324B-E710-4595-B1CF-B34F188FCF6B}.Debug|Any CPU.Build.0 = Debug|Any CPU
		{0E40324B-E710-4595-B1CF-B34F188FCF6B}.Release|Any CPU.ActiveCfg = Release|Any CPU
		{0E40324B-E710-4595-B1CF-B34F188FCF6B}.Release|Any CPU.Build.0 = Release|Any CPU
		{6681BDEA-7CEC-48CC-BB2B-632BFFAD8449}.Debug|Any CPU.ActiveCfg = Debug|Any CPU
		{6681BDEA-7CEC-48CC-BB2B-632BFFAD8449}.Debug|Any CPU.Build.0 = Debug|Any CPU
		{6681BDEA-7CEC-48CC-BB2B-632BFFAD8449}.Release|Any CPU.ActiveCfg = Release|Any CPU
		{6681BDEA-7CEC-48CC-BB2B-632BFFAD8449}.Release|Any CPU.Build.0 = Release|Any CPU
	EndGlobalSection
	GlobalSection(SolutionProperties) = preSolution
		HideSolutionNode = FALSE
	EndGlobalSection
	GlobalSection(ExtensibilityGlobals) = postSolution
		SolutionGuid = {69E750E3-391C-4E14-89B7-AA5A394FAE1F}
	EndGlobalSection
EndGlobal
